
Microsoft Visual Studio Solution File, Format Version 12.00
# Visual Studio Version 17
VisualStudioVersion = 17.5.33627.172
MinimumVisualStudioVersion = 10.0.40219.1
Project("{FAE04EC0-301F-11D3-BF4B-00C04F79EFBC}") = "Дискретная математика - Метод квайна", "Дискретная математика - Метод квайна.csproj", "{9E639431-313F-44B1-95EB-37FC9CB0F17C}"
EndProject
Global
	GlobalSection(SolutionConfigurationPlatforms) = preSolution
		Debug|Any CPU = Debug|Any CPU
		Release|Any CPU = Release|Any CPU
	EndGlobalSection
	GlobalSection(ProjectConfigurationPlatforms) = postSolution
		{9E639431-313F-44B1-95EB-37FC9CB0F17C}.Debug|Any CPU.ActiveCfg = Debug|Any CPU
		{9E639431-313F-44B1-95EB-37FC9CB0F17C}.Debug|Any CPU.Build.0 = Debug|Any CPU
		{9E639431-313F-44B1-95EB-37FC9CB0F17C}.Release|Any CPU.ActiveCfg = Release|Any CPU
		{9E639431-313F-44B1-95EB-37FC9CB0F17C}.Release|Any CPU.Build.0 = Release|Any CPU
	EndGlobalSection
	GlobalSection(SolutionProperties) = preSolution
		HideSolutionNode = FALSE
	EndGlobalSection
	GlobalSection(ExtensibilityGlobals) = postSolution
		SolutionGuid = {F38498A7-0C54-45FD-97D7-724A575E9174}
	EndGlobalSection
EndGlobal
