
Microsoft Visual Studio Solution File, Format Version 12.00
# Visual Studio Version 17
VisualStudioVersion = 17.5.33627.172
MinimumVisualStudioVersion = 10.0.40219.1
Project("{FAE04EC0-301F-11D3-BF4B-00C04F79EFBC}") = "Дискретная математика - Свойства отношений", "Дискретная математика - Свойства отношений.csproj", "{D90E84C5-A403-4E62-B834-21CDACF5F2AC}"
EndProject
Global
	GlobalSection(SolutionConfigurationPlatforms) = preSolution
		Debug|Any CPU = Debug|Any CPU
		Release|Any CPU = Release|Any CPU
	EndGlobalSection
	GlobalSection(ProjectConfigurationPlatforms) = postSolution
		{D90E84C5-A403-4E62-B834-21CDACF5F2AC}.Debug|Any CPU.ActiveCfg = Debug|Any CPU
		{D90E84C5-A403-4E62-B834-21CDACF5F2AC}.Debug|Any CPU.Build.0 = Debug|Any CPU
		{D90E84C5-A403-4E62-B834-21CDACF5F2AC}.Release|Any CPU.ActiveCfg = Release|Any CPU
		{D90E84C5-A403-4E62-B834-21CDACF5F2AC}.Release|Any CPU.Build.0 = Release|Any CPU
	EndGlobalSection
	GlobalSection(SolutionProperties) = preSolution
		HideSolutionNode = FALSE
	EndGlobalSection
	GlobalSection(ExtensibilityGlobals) = postSolution
		SolutionGuid = {26E935AD-B6E2-4EE8-9554-6C2AB0F7F18A}
	EndGlobalSection
EndGlobal
